
Microsoft Visual Studio Solution File, Format Version 12.00
# Visual Studio Version 16
VisualStudioVersion = 16.0.31424.327
MinimumVisualStudioVersion = 10.0.40219.1
Project("{FAE04EC0-301F-11D3-BF4B-00C04F79EFBC}") = "Le_Financier", "Le_Financier.csproj", "{FF765418-5713-4B50-886D-1AA5D1814FF9}"
EndProject
Global
	GlobalSection(SolutionConfigurationPlatforms) = preSolution
		Debug|Any CPU = Debug|Any CPU
		Release|Any CPU = Release|Any CPU
	EndGlobalSection
	GlobalSection(ProjectConfigurationPlatforms) = postSolution
		{FF765418-5713-4B50-886D-1AA5D1814FF9}.Debug|Any CPU.ActiveCfg = Debug|Any CPU
		{FF765418-5713-4B50-886D-1AA5D1814FF9}.Debug|Any CPU.Build.0 = Debug|Any CPU
		{FF765418-5713-4B50-886D-1AA5D1814FF9}.Release|Any CPU.ActiveCfg = Release|Any CPU
		{FF765418-5713-4B50-886D-1AA5D1814FF9}.Release|Any CPU.Build.0 = Release|Any CPU
	EndGlobalSection
	GlobalSection(SolutionProperties) = preSolution
		HideSolutionNode = FALSE
	EndGlobalSection
	GlobalSection(ExtensibilityGlobals) = postSolution
		SolutionGuid = {5ED55DDC-4DFA-46EB-B140-D3BC9DA30876}
	EndGlobalSection
EndGlobal
