
Microsoft Visual Studio Solution File, Format Version 12.00
# Visual Studio Version 16
VisualStudioVersion = 16.0.29403.142
MinimumVisualStudioVersion = 10.0.40219.1
Project("{FAE04EC0-301F-11D3-BF4B-00C04F79EFBC}") = "Financier", "Financier.csproj", "{199838FB-AF50-44F3-ABC2-5D8D53A4295E}"
EndProject
Global
	GlobalSection(SolutionConfigurationPlatforms) = preSolution
		Debug|Any CPU = Debug|Any CPU
		Release|Any CPU = Release|Any CPU
	EndGlobalSection
	GlobalSection(ProjectConfigurationPlatforms) = postSolution
		{199838FB-AF50-44F3-ABC2-5D8D53A4295E}.Debug|Any CPU.ActiveCfg = Debug|Any CPU
		{199838FB-AF50-44F3-ABC2-5D8D53A4295E}.Debug|Any CPU.Build.0 = Debug|Any CPU
		{199838FB-AF50-44F3-ABC2-5D8D53A4295E}.Release|Any CPU.ActiveCfg = Release|Any CPU
		{199838FB-AF50-44F3-ABC2-5D8D53A4295E}.Release|Any CPU.Build.0 = Release|Any CPU
	EndGlobalSection
	GlobalSection(SolutionProperties) = preSolution
		HideSolutionNode = FALSE
	EndGlobalSection
	GlobalSection(ExtensibilityGlobals) = postSolution
		SolutionGuid = {48880349-6FF0-49F8-AE22-C295C031F0A4}
	EndGlobalSection
EndGlobal
